
Microsoft Visual Studio Solution File, Format Version 12.00
# Visual Studio Version 16
VisualStudioVersion = 16.0.30011.22
MinimumVisualStudioVersion = 10.0.40219.1
Project("{FAE04EC0-301F-11D3-BF4B-00C04F79EFBC}") = "FactoryPattern", "FactoryPattern\FactoryPattern.csproj", "{68EFAEE1-4F85-4F11-A215-087B61CD219D}"
EndProject
Global
	GlobalSection(SolutionConfigurationPlatforms) = preSolution
		Debug|Any CPU = Debug|Any CPU
		Release|Any CPU = Release|Any CPU
	EndGlobalSection
	GlobalSection(ProjectConfigurationPlatforms) = postSolution
		{68EFAEE1-4F85-4F11-A215-087B61CD219D}.Debug|Any CPU.ActiveCfg = Debug|Any CPU
		{68EFAEE1-4F85-4F11-A215-087B61CD219D}.Debug|Any CPU.Build.0 = Debug|Any CPU
		{68EFAEE1-4F85-4F11-A215-087B61CD219D}.Release|Any CPU.ActiveCfg = Release|Any CPU
		{68EFAEE1-4F85-4F11-A215-087B61CD219D}.Release|Any CPU.Build.0 = Release|Any CPU
	EndGlobalSection
	GlobalSection(SolutionProperties) = preSolution
		HideSolutionNode = FALSE
	EndGlobalSection
	GlobalSection(ExtensibilityGlobals) = postSolution
		SolutionGuid = {1DBFDCD6-2226-43FE-8CBC-F7A837C493D2}
	EndGlobalSection
EndGlobal
